
Microsoft Visual Studio Solution File, Format Version 11.00
# Visual Studio 2010
Project("{FAE04EC0-301F-11D3-BF4B-00C04F79EFBC}") = "UnityEngine.TestRunner", "UnityEngine.TestRunner.csproj", "{fc8e0d8b-76aa-2dae-82c8-1aa869358d97}"
EndProject
Project("{FAE04EC0-301F-11D3-BF4B-00C04F79EFBC}") = "UnityEditor.TestRunner", "UnityEditor.TestRunner.csproj", "{174ebe1a-294e-98d3-c47e-baab678e5747}"
EndProject
Project("{FAE04EC0-301F-11D3-BF4B-00C04F79EFBC}") = "Unity.VisualStudio.Editor", "Unity.VisualStudio.Editor.csproj", "{96c3cc38-a74a-236e-15c2-546ed25923e9}"
EndProject
Project("{FAE04EC0-301F-11D3-BF4B-00C04F79EFBC}") = "Assembly-CSharp", "Assembly-CSharp.csproj", "{aae92d9d-8d7a-242e-e3de-6f7e5bc14254}"
EndProject
Project("{FAE04EC0-301F-11D3-BF4B-00C04F79EFBC}") = "Unity.VSCode.Editor", "Unity.VSCode.Editor.csproj", "{3615cadc-fc34-3d44-8dc3-5dbcdb32186a}"
EndProject
Project("{FAE04EC0-301F-11D3-BF4B-00C04F79EFBC}") = "Assembly-CSharp-Editor", "Assembly-CSharp-Editor.csproj", "{3fe5b0c2-3f99-afdc-f605-1629dbc0ebf0}"
EndProject
Global
	GlobalSection(SolutionConfigurationPlatforms) = preSolution
		Debug|Any CPU = Debug|Any CPU
	EndGlobalSection
	GlobalSection(ProjectConfigurationPlatforms) = postSolution
		{fc8e0d8b-76aa-2dae-82c8-1aa869358d97}.Debug|Any CPU.ActiveCfg = Debug|Any CPU
		{fc8e0d8b-76aa-2dae-82c8-1aa869358d97}.Debug|Any CPU.Build.0 = Debug|Any CPU
		{174ebe1a-294e-98d3-c47e-baab678e5747}.Debug|Any CPU.ActiveCfg = Debug|Any CPU
		{174ebe1a-294e-98d3-c47e-baab678e5747}.Debug|Any CPU.Build.0 = Debug|Any CPU
		{96c3cc38-a74a-236e-15c2-546ed25923e9}.Debug|Any CPU.ActiveCfg = Debug|Any CPU
		{96c3cc38-a74a-236e-15c2-546ed25923e9}.Debug|Any CPU.Build.0 = Debug|Any CPU
		{aae92d9d-8d7a-242e-e3de-6f7e5bc14254}.Debug|Any CPU.ActiveCfg = Debug|Any CPU
		{aae92d9d-8d7a-242e-e3de-6f7e5bc14254}.Debug|Any CPU.Build.0 = Debug|Any CPU
		{3615cadc-fc34-3d44-8dc3-5dbcdb32186a}.Debug|Any CPU.ActiveCfg = Debug|Any CPU
		{3615cadc-fc34-3d44-8dc3-5dbcdb32186a}.Debug|Any CPU.Build.0 = Debug|Any CPU
		{3fe5b0c2-3f99-afdc-f605-1629dbc0ebf0}.Debug|Any CPU.ActiveCfg = Debug|Any CPU
		{3fe5b0c2-3f99-afdc-f605-1629dbc0ebf0}.Debug|Any CPU.Build.0 = Debug|Any CPU
	EndGlobalSection
	GlobalSection(SolutionProperties) = preSolution
		HideSolutionNode = FALSE
	EndGlobalSection
EndGlobal
